
Microsoft Visual Studio Solution File, Format Version 12.00
# Visual Studio 15
VisualStudioVersion = 15.0.28010.2026
MinimumVisualStudioVersion = 10.0.40219.1
Project("{FAE04EC0-301F-11D3-BF4B-00C04F79EFBC}") = "BookExample", "BookExample\BookExample.csproj", "{B45E42F2-39FE-4072-AC6C-175D583567CF}"
EndProject
Global
	GlobalSection(SolutionConfigurationPlatforms) = preSolution
		Debug|Any CPU = Debug|Any CPU
		Release|Any CPU = Release|Any CPU
	EndGlobalSection
	GlobalSection(ProjectConfigurationPlatforms) = postSolution
		{B45E42F2-39FE-4072-AC6C-175D583567CF}.Debug|Any CPU.ActiveCfg = Debug|Any CPU
		{B45E42F2-39FE-4072-AC6C-175D583567CF}.Debug|Any CPU.Build.0 = Debug|Any CPU
		{B45E42F2-39FE-4072-AC6C-175D583567CF}.Release|Any CPU.ActiveCfg = Release|Any CPU
		{B45E42F2-39FE-4072-AC6C-175D583567CF}.Release|Any CPU.Build.0 = Release|Any CPU
	EndGlobalSection
	GlobalSection(SolutionProperties) = preSolution
		HideSolutionNode = FALSE
	EndGlobalSection
	GlobalSection(ExtensibilityGlobals) = postSolution
		SolutionGuid = {76FC62B0-99F3-4530-8ADF-084983BF36CA}
	EndGlobalSection
EndGlobal
